Microsoft Visual Studio Solution File, Format Version 12.00
# Visual Studio Version 17
VisualStudioVersion = 17.5.2.0
MinimumVisualStudioVersion = 10.0.40219.1
Project("{FAE04EC0-301F-11D3-BF4B-00C04F79EFBC}") = "SaveOurShip2-OrbitalBombardment", "Source\SaveOurShip2-OrbitalBombardment.csproj", "{B1BF7F2B-AEFA-D551-B6F3-D8F47C7739A4}"
EndProject
Global
	GlobalSection(SolutionConfigurationPlatforms) = preSolution
		Debug|Any CPU = Debug|Any CPU
		Release|Any CPU = Release|Any CPU
	EndGlobalSection
	GlobalSection(ProjectConfigurationPlatforms) = postSolution
		{B1BF7F2B-AEFA-D551-B6F3-D8F47C7739A4}.Debug|Any CPU.ActiveCfg = Debug|Any CPU
		{B1BF7F2B-AEFA-D551-B6F3-D8F47C7739A4}.Debug|Any CPU.Build.0 = Debug|Any CPU
		{B1BF7F2B-AEFA-D551-B6F3-D8F47C7739A4}.Release|Any CPU.ActiveCfg = Release|Any CPU
		{B1BF7F2B-AEFA-D551-B6F3-D8F47C7739A4}.Release|Any CPU.Build.0 = Release|Any CPU
	EndGlobalSection
	GlobalSection(SolutionProperties) = preSolution
		HideSolutionNode = FALSE
	EndGlobalSection
	GlobalSection(ExtensibilityGlobals) = postSolution
		SolutionGuid = {F17BBFA1-1A8D-4F89-B63B-E398DB1CC256}
	EndGlobalSection
EndGlobal
